// !$*UTF8*$!
{
	archiveVersion = 1;
	classes = {
	};
	objectVersion = 48;
	objects = {

/* Begin PBXBuildFile section */
		989390CD1F84C812006CD63F /* AppDelegate.swift in Sources */ = {isa = PBXBuildFile; fileRef = 989390CC1F84C812006CD63F /* AppDelegate.swift */; };
		989390CF1F84C812006CD63F /* HomeViewController.swift in Sources */ = {isa = PBXBuildFile; fileRef = 989390CE1F84C812006CD63F /* HomeViewController.swift */; };
		989390D11F84C812006CD63F /* SecondViewController.swift in Sources */ = {isa = PBXBuildFile; fileRef = 989390D01F84C812006CD63F /* SecondViewController.swift */; };
		989390D41F84C812006CD63F /* Main.storyboard in Resources */ = {isa = PBXBuildFile; fileRef = 989390D21F84C812006CD63F /* Main.storyboard */; };
		989390D61F84C812006CD63F /* Assets.xcassets in Resources */ = {isa = PBXBuildFile; fileRef = 989390D51F84C812006CD63F /* Assets.xcassets */; };
		989390D91F84C812006CD63F /* LaunchScreen.storyboard in Resources */ = {isa = PBXBuildFile; fileRef = 989390D71F84C812006CD63F /* LaunchScreen.storyboard */; };
		98C169631F84D55300B6A628 /* bell-7.png in Resources */ = {isa = PBXBuildFile; fileRef = 98C169601F84D55200B6A628 /* bell-7.png */; };
		98C169641F84D55300B6A628 /* home-7.png in Resources */ = {isa = PBXBuildFile; fileRef = 98C169611F84D55300B6A628 /* home-7.png */; };
		98C169651F84D55300B6A628 /* circle-user-7.png in Resources */ = {isa = PBXBuildFile; fileRef = 98C169621F84D55300B6A628 /* circle-user-7.png */; };
		98C169671F84D86700B6A628 /* search-7.png in Resources */ = {isa = PBXBuildFile; fileRef = 98C169661F84D86700B6A628 /* search-7.png */; };
		98C169721F84DE0A00B6A628 /* images-11.jpeg in Resources */ = {isa = PBXBuildFile; fileRef = 98C169681F84DE0900B6A628 /* images-11.jpeg */; };
		98C169731F84DE0A00B6A628 /* images.jpeg in Resources */ = {isa = PBXBuildFile; fileRef = 98C169691F84DE0900B6A628 /* images.jpeg */; };
		98C169741F84DE0A00B6A628 /* images-10.jpeg in Resources */ = {isa = PBXBuildFile; fileRef = 98C1696A1F84DE0A00B6A628 /* images-10.jpeg */; };
		98C169751F84DE0A00B6A628 /* images-7.jpeg in Resources */ = {isa = PBXBuildFile; fileRef = 98C1696B1F84DE0A00B6A628 /* images-7.jpeg */; };
		98C169761F84DE0A00B6A628 /* images-8.jpeg in Resources */ = {isa = PBXBuildFile; fileRef = 98C1696C1F84DE0A00B6A628 /* images-8.jpeg */; };
		98C169771F84DE0A00B6A628 /* images-6.jpeg in Resources */ = {isa = PBXBuildFile; fileRef = 98C1696D1F84DE0A00B6A628 /* images-6.jpeg */; };
		98C169781F84DE0A00B6A628 /* images-9.jpeg in Resources */ = {isa = PBXBuildFile; fileRef = 98C1696E1F84DE0A00B6A628 /* images-9.jpeg */; };
		98C169791F84DE0A00B6A628 /* 5527-01.jpg in Resources */ = {isa = PBXBuildFile; fileRef = 98C1696F1F84DE0A00B6A628 /* 5527-01.jpg */; };
		98C1697A1F84DE0A00B6A628 /* images-12.jpeg in Resources */ = {isa = PBXBuildFile; fileRef = 98C169701F84DE0A00B6A628 /* images-12.jpeg */; };
		98C1697B1F84DE0A00B6A628 /* images-13.jpeg in Resources */ = {isa = PBXBuildFile; fileRef = 98C169711F84DE0A00B6A628 /* images-13.jpeg */; };
		98C169801F84E3E200B6A628 /* images-14.jpeg in Resources */ = {isa = PBXBuildFile; fileRef = 98C1697F1F84E3E200B6A628 /* images-14.jpeg */; };
		98C169821F84E7E000B6A628 /* FoodViewCell.swift in Sources */ = {isa = PBXBuildFile; fileRef = 98C169811F84E7E000B6A628 /* FoodViewCell.swift */; };
		98C1698B1F8517F000B6A628 /* images-17.jpeg in Resources */ = {isa = PBXBuildFile; fileRef = 98C169831F8517EF00B6A628 /* images-17.jpeg */; };
		98C1698C1F8517F000B6A628 /* images-19.jpeg in Resources */ = {isa = PBXBuildFile; fileRef = 98C169841F8517F000B6A628 /* images-19.jpeg */; };
		98C1698D1F8517F000B6A628 /* images-15.jpeg in Resources */ = {isa = PBXBuildFile; fileRef = 98C169851F8517F000B6A628 /* images-15.jpeg */; };
		98C1698E1F8517F000B6A628 /* images-18.jpeg in Resources */ = {isa = PBXBuildFile; fileRef = 98C169861F8517F000B6A628 /* images-18.jpeg */; };
		98C1698F1F8517F000B6A628 /* images-20.jpeg in Resources */ = {isa = PBXBuildFile; fileRef = 98C169871F8517F000B6A628 /* images-20.jpeg */; };
		98C169901F8517F000B6A628 /* images-21.jpeg in Resources */ = {isa = PBXBuildFile; fileRef = 98C169881F8517F000B6A628 /* images-21.jpeg */; };
		98C169911F8517F000B6A628 /* images-16.jpeg in Resources */ = {isa = PBXBuildFile; fileRef = 98C169891F8517F000B6A628 /* images-16.jpeg */; };
		98C169921F8517F000B6A628 /* images-22.jpeg in Resources */ = {isa = PBXBuildFile; fileRef = 98C1698A1F8517F000B6A628 /* images-22.jpeg */; };
		98C169951F85CC5500B6A628 /* NotificationViewCell.swift in Sources */ = {isa = PBXBuildFile; fileRef = 98C169941F85CC5500B6A628 /* NotificationViewCell.swift */; };
		98C169971F85D29900B6A628 /* icons8-ããå¤ã-50.png in Resources */ = {isa = PBXBuildFile; fileRef = 98C169961F85D29900B6A628 /* icons8-ããå¤ã-50.png */; };
		98C169991F85F28900B6A628 /* message-7.png in Resources */ = {isa = PBXBuildFile; fileRef = 98C169981F85F28900B6A628 /* message-7.png */; };
		98C1699B1F85F7B800B6A628 /* dsf.png in Resources */ = {isa = PBXBuildFile; fileRef = 98C1699A1F85F7B800B6A628 /* dsf.png */; };
		98C1699E1F85F9AD00B6A628 /* MyPageViewController.swift in Sources */ = {isa = PBXBuildFile; fileRef = 98C1699D1F85F9AD00B6A628 /* MyPageViewController.swift */; };
		98C169A21F873D4E00B6A628 /* e.png in Resources */ = {isa = PBXBuildFile; fileRef = 98C169A11F873D4E00B6A628 /* e.png */; };
/* End PBXBuildFile section */

/* Begin PBXFileReference section */
		989390C91F84C812006CD63F /* Food.app */ = {isa = PBXFileReference; explicitFileType = wrapper.application; includeInIndex = 0; path = Food.app; sourceTree = BUILT_PRODUCTS_DIR; };
		989390CC1F84C812006CD63F /* AppDelegate.swift */ = {isa = PBXFileReference; lastKnownFileType = sourcecode.swift; path = AppDelegate.swift; sourceTree = "<group>"; };
		989390CE1F84C812006CD63F /* HomeViewController.swift */ = {isa = PBXFileReference; lastKnownFileType = sourcecode.swift; path = HomeViewController.swift; sourceTree = "<group>"; };
		989390D01F84C812006CD63F /* SecondViewController.swift */ = {isa = PBXFileReference; lastKnownFileType = sourcecode.swift; path = SecondViewController.swift; sourceTree = "<group>"; };
		989390D31F84C812006CD63F /* Base */ = {isa = PBXFileReference; lastKnownFileType = file.storyboard; name = Base; path = Base.lproj/Main.storyboard; sourceTree = "<group>"; };
		989390D51F84C812006CD63F /* Assets.xcassets */ = {isa = PBXFileReference; lastKnownFileType = folder.assetcatalog; path = Assets.xcassets; sourceTree = "<group>"; };
		989390D81F84C812006CD63F /* Base */ = {isa = PBXFileReference; lastKnownFileType = file.storyboard; name = Base; path = Base.lproj/LaunchScreen.storyboard; sourceTree = "<group>"; };
		989390DA1F84C812006CD63F /* Info.plist */ = {isa = PBXFileReference; lastKnownFileType = text.plist.xml; path = Info.plist; sourceTree = "<group>"; };
		98C169601F84D55200B6A628 /* bell-7.png */ = {isa = PBXFileReference; lastKnownFileType = image.png; name = "bell-7.png"; path = "../../../../icon/iconbeast-lite-200/iconbeast lite 200 - png/bell-7.png"; sourceTree = "<group>"; };
		98C169611F84D55300B6A628 /* home-7.png */ = {isa = PBXFileReference; lastKnownFileType = image.png; name = "home-7.png"; path = "../../../../icon/iconbeast-lite-200/iconbeast lite 200 - png/home-7.png"; sourceTree = "<group>"; };
		98C169621F84D55300B6A628 /* circle-user-7.png */ = {isa = PBXFileReference; lastKnownFileType = image.png; name = "circle-user-7.png"; path = "../../../../icon/iconbeast-lite-200/iconbeast lite 200 - png/circle-user-7.png"; sourceTree = "<group>"; };
		98C169661F84D86700B6A628 /* search-7.png */ = {isa = PBXFileReference; lastKnownFileType = image.png; name = "search-7.png"; path = "../../../../icon/iconbeast-lite-200/iconbeast lite 200 - png/search-7.png"; sourceTree = "<group>"; };
		98C169681F84DE0900B6A628 /* images-11.jpeg */ = {isa = PBXFileReference; lastKnownFileType = image.jpeg; name = "images-11.jpeg"; path = "../../../../../Downloads/images-11.jpeg"; sourceTree = "<group>"; };
		98C169691F84DE0900B6A628 /* images.jpeg */ = {isa = PBXFileReference; lastKnownFileType = image.jpeg; name = images.jpeg; path = ../../../../../Downloads/images.jpeg; sourceTree = "<group>"; };
		98C1696A1F84DE0A00B6A628 /* images-10.jpeg */ = {isa = PBXFileReference; lastKnownFileType = image.jpeg; name = "images-10.jpeg"; path = "../../../../../Downloads/images-10.jpeg"; sourceTree = "<group>"; };
		98C1696B1F84DE0A00B6A628 /* images-7.jpeg */ = {isa = PBXFileReference; lastKnownFileType = image.jpeg; name = "images-7.jpeg"; path = "../../../../../Downloads/images-7.jpeg"; sourceTree = "<group>"; };
		98C1696C1F84DE0A00B6A628 /* images-8.jpeg */ = {isa = PBXFileReference; lastKnownFileType = image.jpeg; name = "images-8.jpeg"; path = "../../../../../Downloads/images-8.jpeg"; sourceTree = "<group>"; };
		98C1696D1F84DE0A00B6A628 /* images-6.jpeg */ = {isa = PBXFileReference; lastKnownFileType = image.jpeg; name = "images-6.jpeg"; path = "../../../../../Downloads/images-6.jpeg"; sourceTree = "<group>"; };
		98C1696E1F84DE0A00B6A628 /* images-9.jpeg */ = {isa = PBXFileReference; lastKnownFileType = image.jpeg; name = "images-9.jpeg"; path = "../../../../../Downloads/images-9.jpeg"; sourceTree = "<group>"; };
		98C1696F1F84DE0A00B6A628 /* 5527-01.jpg */ = {isa = PBXFileReference; lastKnownFileType = image.jpeg; name = "5527-01.jpg"; path = "../../../../../Downloads/5527-01.jpg"; sourceTree = "<group>"; };
		98C169701F84DE0A00B6A628 /* images-12.jpeg */ = {isa = PBXFileReference; lastKnownFileType = image.jpeg; name = "images-12.jpeg"; path = "../../../../../Downloads/images-12.jpeg"; sourceTree = "<group>"; };
		98C169711F84DE0A00B6A628 /* images-13.jpeg */ = {isa = PBXFileReference; lastKnownFileType = image.jpeg; name = "images-13.jpeg"; path = "../../../../../Downloads/images-13.jpeg"; sourceTree = "<group>"; };
		98C1697F1F84E3E200B6A628 /* images-14.jpeg */ = {isa = PBXFileReference; lastKnownFileType = image.jpeg; name = "images-14.jpeg"; path = "../../../../../Downloads/images-14.jpeg"; sourceTree = "<group>"; };
		98C169811F84E7E000B6A628 /* FoodViewCell.swift */ = {isa = PBXFileReference; lastKnownFileType = sourcecode.swift; path = FoodViewCell.swift; sourceTree = "<group>"; };
		98C169831F8517EF00B6A628 /* images-17.jpeg */ = {isa = PBXFileReference; lastKnownFileType = image.jpeg; name = "images-17.jpeg"; path = "../../../../../Downloads/images-17.jpeg"; sourceTree = "<group>"; };
		98C169841F8517F000B6A628 /* images-19.jpeg */ = {isa = PBXFileReference; lastKnownFileType = image.jpeg; name = "images-19.jpeg"; path = "../../../../../Downloads/images-19.jpeg"; sourceTree = "<group>"; };
		98C169851F8517F000B6A628 /* images-15.jpeg */ = {isa = PBXFileReference; lastKnownFileType = image.jpeg; name = "images-15.jpeg"; path = "../../../../../Downloads/images-15.jpeg"; sourceTree = "<group>"; };
		98C169861F8517F000B6A628 /* images-18.jpeg */ = {isa = PBXFileReference; lastKnownFileType = image.jpeg; name = "images-18.jpeg"; path = "../../../../../Downloads/images-18.jpeg"; sourceTree = "<group>"; };
		98C169871F8517F000B6A628 /* images-20.jpeg */ = {isa = PBXFileReference; lastKnownFileType = image.jpeg; name = "images-20.jpeg"; path = "../../../../../Downloads/images-20.jpeg"; sourceTree = "<group>"; };
		98C169881F8517F000B6A628 /* images-21.jpeg */ = {isa = PBXFileReference; lastKnownFileType = image.jpeg; name = "images-21.jpeg"; path = "../../../../../Downloads/images-21.jpeg"; sourceTree = "<group>"; };
		98C169891F8517F000B6A628 /* images-16.jpeg */ = {isa = PBXFileReference; lastKnownFileType = image.jpeg; name = "images-16.jpeg"; path = "../../../../../Downloads/images-16.jpeg"; sourceTree = "<group>"; };
		98C1698A1F8517F000B6A628 /* images-22.jpeg */ = {isa = PBXFileReference; lastKnownFileType = image.jpeg; name = "images-22.jpeg"; path = "../../../../../Downloads/images-22.jpeg"; sourceTree = "<group>"; };
		98C169941F85CC5500B6A628 /* NotificationViewCell.swift */ = {isa = PBXFileReference; lastKnownFileType = sourcecode.swift; path = NotificationViewCell.swift; sourceTree = "<group>"; };
		98C169961F85D29900B6A628 /* icons8-ããå¤ã-50.png */ = {isa = PBXFileReference; lastKnownFileType = image.png; name = "icons8-ããå¤ã-50.png"; path = "../../../../../Downloads/icons8-ããå¤ã-50.png"; sourceTree = "<group>"; };
		98C169981F85F28900B6A628 /* message-7.png */ = {isa = PBXFileReference; lastKnownFileType = image.png; name = "message-7.png"; path = "../../../../icon/iconbeast-lite-200/iconbeast lite 200 - png/message-7.png"; sourceTree = "<group>"; };
		98C1699A1F85F7B800B6A628 /* dsf.png */ = {isa = PBXFileReference; lastKnownFileType = image.png; name = dsf.png; path = ../../../../Xcode/SimpleBrowser/SimpleBrowser/Resources/dsf.png; sourceTree = "<group>"; };
		98C1699D1F85F9AD00B6A628 /* MyPageViewController.swift */ = {isa = PBXFileReference; lastKnownFileType = sourcecode.swift; path = MyPageViewController.swift; sourceTree = "<group>"; };
		98C169A11F873D4E00B6A628 /* e.png */ = {isa = PBXFileReference; lastKnownFileType = image.png; name = e.png; path = ../../../../../Downloads/e.png; sourceTree = "<group>"; };
/* End PBXFileReference section */

/* Begin PBXFrameworksBuildPhase section */
		989390C61F84C812006CD63F /* Frameworks */ = {
			isa = PBXFrameworksBuildPhase;
			buildActionMask = 2147483647;
			files = (
			);
			runOnlyForDeploymentPostprocessing = 0;
		};
/* End PBXFrameworksBuildPhase section */

/* Begin PBXGroup section */
		989390C01F84C812006CD63F = {
			isa = PBXGroup;
			children = (
				989390CB1F84C812006CD63F /* Food */,
				989390CA1F84C812006CD63F /* Products */,
			);
			sourceTree = "<group>";
		};
		989390CA1F84C812006CD63F /* Products */ = {
			isa = PBXGroup;
			children = (
				989390C91F84C812006CD63F /* Food.app */,
			);
			name = Products;
			sourceTree = "<group>";
		};
		989390CB1F84C812006CD63F /* Food */ = {
			isa = PBXGroup;
			children = (
				989390D21F84C812006CD63F /* Main.storyboard */,
				98C1697C1F84DFE400B6A628 /* Home */,
				98C169931F85CC1E00B6A628 /* 通知 */,
				98C1699C1F85F97A00B6A628 /* マイページ */,
				98C1695F1F84D4F000B6A628 /* resources */,
				989390D51F84C812006CD63F /* Assets.xcassets */,
				989390CC1F84C812006CD63F /* AppDelegate.swift */,
				989390D71F84C812006CD63F /* LaunchScreen.storyboard */,
				989390DA1F84C812006CD63F /* Info.plist */,
			);
			path = Food;
			sourceTree = "<group>";
		};
		98C1695F1F84D4F000B6A628 /* resources */ = {
			isa = PBXGroup;
			children = (
				98C169A11F873D4E00B6A628 /* e.png */,
				98C1699A1F85F7B800B6A628 /* dsf.png */,
				98C169981F85F28900B6A628 /* message-7.png */,
				98C169961F85D29900B6A628 /* icons8-ããå¤ã-50.png */,
				98C169851F8517F000B6A628 /* images-15.jpeg */,
				98C169891F8517F000B6A628 /* images-16.jpeg */,
				98C169831F8517EF00B6A628 /* images-17.jpeg */,
				98C169861F8517F000B6A628 /* images-18.jpeg */,
				98C169841F8517F000B6A628 /* images-19.jpeg */,
				98C169871F8517F000B6A628 /* images-20.jpeg */,
				98C169881F8517F000B6A628 /* images-21.jpeg */,
				98C1698A1F8517F000B6A628 /* images-22.jpeg */,
				98C1697F1F84E3E200B6A628 /* images-14.jpeg */,
				98C1696F1F84DE0A00B6A628 /* 5527-01.jpg */,
				98C1696D1F84DE0A00B6A628 /* images-6.jpeg */,
				98C1696B1F84DE0A00B6A628 /* images-7.jpeg */,
				98C1696C1F84DE0A00B6A628 /* images-8.jpeg */,
				98C1696E1F84DE0A00B6A628 /* images-9.jpeg */,
				98C1696A1F84DE0A00B6A628 /* images-10.jpeg */,
				98C169681F84DE0900B6A628 /* images-11.jpeg */,
				98C169701F84DE0A00B6A628 /* images-12.jpeg */,
				98C169711F84DE0A00B6A628 /* images-13.jpeg */,
				98C169691F84DE0900B6A628 /* images.jpeg */,
				98C169661F84D86700B6A628 /* search-7.png */,
				98C169601F84D55200B6A628 /* bell-7.png */,
				98C169621F84D55300B6A628 /* circle-user-7.png */,
				98C169611F84D55300B6A628 /* home-7.png */,
			);
			path = resources;
			sourceTree = "<group>";
		};
		98C1697C1F84DFE400B6A628 /* Home */ = {
			isa = PBXGroup;
			children = (
				989390CE1F84C812006CD63F /* HomeViewController.swift */,
				98C169811F84E7E000B6A628 /* FoodViewCell.swift */,
			);
			path = Home;
			sourceTree = "<group>";
		};
		98C169931F85CC1E00B6A628 /* 通知 */ = {
			isa = PBXGroup;
			children = (
				989390D01F84C812006CD63F /* SecondViewController.swift */,
				98C169941F85CC5500B6A628 /* NotificationViewCell.swift */,
			);
			path = "通知";
			sourceTree = "<group>";
		};
		98C1699C1F85F97A00B6A628 /* マイページ */ = {
			isa = PBXGroup;
			children = (
				98C1699D1F85F9AD00B6A628 /* MyPageViewController.swift */,
			);
			name = "マイページ";
			path = "マイページ";
			sourceTree = "<group>";
		};
/* End PBXGroup section */

/* Begin PBXNativeTarget section */
		989390C81F84C812006CD63F /* Food */ = {
			isa = PBXNativeTarget;
			buildConfigurationList = 989390DD1F84C812006CD63F /* Build configuration list for PBXNativeTarget "Food" */;
			buildPhases = (
				989390C51F84C812006CD63F /* Sources */,
				989390C61F84C812006CD63F /* Frameworks */,
				989390C71F84C812006CD63F /* Resources */,
			);
			buildRules = (
			);
			dependencies = (
			);
			name = Food;
			productName = Food;
			productReference = 989390C91F84C812006CD63F /* Food.app */;
			productType = "com.apple.product-type.application";
		};
/* End PBXNativeTarget section */

/* Begin PBXProject section */
		989390C11F84C812006CD63F /* Project object */ = {
			isa = PBXProject;
			attributes = {
				LastSwiftUpdateCheck = 0900;
				LastUpgradeCheck = 0900;
				ORGANIZATIONNAME = "Digital Circus Inc.";
				TargetAttributes = {
					989390C81F84C812006CD63F = {
						CreatedOnToolsVersion = 9.0;
						ProvisioningStyle = Automatic;
					};
				};
			};
			buildConfigurationList = 989390C41F84C812006CD63F /* Build configuration list for PBXProject "Food" */;
			compatibilityVersion = "Xcode 8.0";
			developmentRegion = en;
			hasScannedForEncodings = 0;
			knownRegions = (
				en,
				Base,
			);
			mainGroup = 989390C01F84C812006CD63F;
			productRefGroup = 989390CA1F84C812006CD63F /* Products */;
			projectDirPath = "";
			projectRoot = "";
			targets = (
				989390C81F84C812006CD63F /* Food */,
			);
		};
/* End PBXProject section */

/* Begin PBXResourcesBuildPhase section */
		989390C71F84C812006CD63F /* Resources */ = {
			isa = PBXResourcesBuildPhase;
			buildActionMask = 2147483647;
			files = (
				98C169901F8517F000B6A628 /* images-21.jpeg in Resources */,
				98C169631F84D55300B6A628 /* bell-7.png in Resources */,
				989390D91F84C812006CD63F /* LaunchScreen.storyboard in Resources */,
				98C1699B1F85F7B800B6A628 /* dsf.png in Resources */,
				98C1698E1F8517F000B6A628 /* images-18.jpeg in Resources */,
				98C169731F84DE0A00B6A628 /* images.jpeg in Resources */,
				98C169991F85F28900B6A628 /* message-7.png in Resources */,
				98C169771F84DE0A00B6A628 /* images-6.jpeg in Resources */,
				98C1698D1F8517F000B6A628 /* images-15.jpeg in Resources */,
				98C169791F84DE0A00B6A628 /* 5527-01.jpg in Resources */,
				989390D61F84C812006CD63F /* Assets.xcassets in Resources */,
				98C1697B1F84DE0A00B6A628 /* images-13.jpeg in Resources */,
				98C169761F84DE0A00B6A628 /* images-8.jpeg in Resources */,
				98C1698B1F8517F000B6A628 /* images-17.jpeg in Resources */,
				98C169751F84DE0A00B6A628 /* images-7.jpeg in Resources */,
				98C169A21F873D4E00B6A628 /* e.png in Resources */,
				98C1697A1F84DE0A00B6A628 /* images-12.jpeg in Resources */,
				98C1698C1F8517F000B6A628 /* images-19.jpeg in Resources */,
				98C169781F84DE0A00B6A628 /* images-9.jpeg in Resources */,
				98C1698F1F8517F000B6A628 /* images-20.jpeg in Resources */,
				98C169671F84D86700B6A628 /* search-7.png in Resources */,
				98C169801F84E3E200B6A628 /* images-14.jpeg in Resources */,
				98C169641F84D55300B6A628 /* home-7.png in Resources */,
				98C169971F85D29900B6A628 /* icons8-ããå¤ã-50.png in Resources */,
				98C169741F84DE0A00B6A628 /* images-10.jpeg in Resources */,
				98C169921F8517F000B6A628 /* images-22.jpeg in Resources */,
				98C169911F8517F000B6A628 /* images-16.jpeg in Resources */,
				98C169651F84D55300B6A628 /* circle-user-7.png in Resources */,
				989390D41F84C812006CD63F /* Main.storyboard in Resources */,
				98C169721F84DE0A00B6A628 /* images-11.jpeg in Resources */,
			);
			runOnlyForDeploymentPostprocessing = 0;
		};
/* End PBXResourcesBuildPhase section */

/* Begin PBXSourcesBuildPhase section */
		989390C51F84C812006CD63F /* Sources */ = {
			isa = PBXSourcesBuildPhase;
			buildActionMask = 2147483647;
			files = (
				98C169951F85CC5500B6A628 /* NotificationViewCell.swift in Sources */,
				98C1699E1F85F9AD00B6A628 /* MyPageViewController.swift in Sources */,
				98C169821F84E7E000B6A628 /* FoodViewCell.swift in Sources */,
				989390D11F84C812006CD63F /* SecondViewController.swift in Sources */,
				989390CD1F84C812006CD63F /* AppDelegate.swift in Sources */,
				989390CF1F84C812006CD63F /* HomeViewController.swift in Sources */,
			);
			runOnlyForDeploymentPostprocessing = 0;
		};
/* End PBXSourcesBuildPhase section */

/* Begin PBXVariantGroup section */
		989390D21F84C812006CD63F /* Main.storyboard */ = {
			isa = PBXVariantGroup;
			children = (
				989390D31F84C812006CD63F /* Base */,
			);
			name = Main.storyboard;
			sourceTree = "<group>";
		};
		989390D71F84C812006CD63F /* LaunchScreen.storyboard */ = {
			isa = PBXVariantGroup;
			children = (
				989390D81F84C812006CD63F /* Base */,
			);
			name = LaunchScreen.storyboard;
			sourceTree = "<group>";
		};
/* End PBXVariantGroup section */

/* Begin XCBuildConfiguration section */
		989390DB1F84C812006CD63F /* Debug */ = {
			isa = XCBuildConfiguration;
			buildSettings = {
				ALWAYS_SEARCH_USER_PATHS = NO;
				CLANG_ANALYZER_NONNULL = YES;
				CLANG_ANALYZER_NUMBER_OBJECT_CONVERSION = YES_AGGRESSIVE;
				CLANG_CXX_LANGUAGE_STANDARD = "gnu++14";
				CLANG_CXX_LIBRARY = "libc++";
				CLANG_ENABLE_MODULES = YES;
				CLANG_ENABLE_OBJC_ARC = YES;
				CLANG_WARN_BLOCK_CAPTURE_AUTORELEASING = YES;
				CLANG_WARN_BOOL_CONVERSION = YES;
				CLANG_WARN_COMMA = YES;
				CLANG_WARN_CONSTANT_CONVERSION = YES;
				CLANG_WARN_DIRECT_OBJC_ISA_USAGE = YES_ERROR;
				CLANG_WARN_DOCUMENTATION_COMMENTS = YES;
				CLANG_WARN_EMPTY_BODY = YES;
				CLANG_WARN_ENUM_CONVERSION = YES;
				CLANG_WARN_INFINITE_RECURSION = YES;
				CLANG_WARN_INT_CONVERSION = YES;
				CLANG_WARN_NON_LITERAL_NULL_CONVERSION = YES;
				CLANG_WARN_OBJC_LITERAL_CONVERSION = YES;
				CLANG_WARN_OBJC_ROOT_CLASS = YES_ERROR;
				CLANG_WARN_RANGE_LOOP_ANALYSIS = YES;
				CLANG_WARN_STRICT_PROTOTYPES = YES;
				CLANG_WARN_SUSPICIOUS_MOVE = YES;
				CLANG_WARN_UNGUARDED_AVAILABILITY = YES_AGGRESSIVE;
				CLANG_WARN_UNREACHABLE_CODE = YES;
				CLANG_WARN__DUPLICATE_METHOD_MATCH = YES;
				CODE_SIGN_IDENTITY = "iPhone Developer";
				COPY_PHASE_STRIP = NO;
				DEBUG_INFORMATION_FORMAT = dwarf;
				ENABLE_STRICT_OBJC_MSGSEND = YES;
				ENABLE_TESTABILITY = YES;
				GCC_C_LANGUAGE_STANDARD = gnu11;
				GCC_DYNAMIC_NO_PIC = NO;
				GCC_NO_COMMON_BLOCKS = YES;
				GCC_OPTIMIZATION_LEVEL = 0;
				GCC_PREPROCESSOR_DEFINITIONS = (
					"DEBUG=1",
					"$(inherited)",
				);
				GCC_WARN_64_TO_32_BIT_CONVERSION = YES;
				GCC_WARN_ABOUT_RETURN_TYPE = YES_ERROR;
				GCC_WARN_UNDECLARED_SELECTOR = YES;
				GCC_WARN_UNINITIALIZED_AUTOS = YES_AGGRESSIVE;
				GCC_WARN_UNUSED_FUNCTION = YES;
				GCC_WARN_UNUSED_VARIABLE = YES;
				IPHONEOS_DEPLOYMENT_TARGET = 11.0;
				MTL_ENABLE_DEBUG_INFO = YES;
				ONLY_ACTIVE_ARCH = YES;
				SDKROOT = iphoneos;
				SWIFT_ACTIVE_COMPILATION_CONDITIONS = DEBUG;
				SWIFT_OPTIMIZATION_LEVEL = "-Onone";
			};
			name = Debug;
		};
		989390DC1F84C812006CD63F /* Release */ = {
			isa = XCBuildConfiguration;
			buildSettings = {
				ALWAYS_SEARCH_USER_PATHS = NO;
				CLANG_ANALYZER_NONNULL = YES;
				CLANG_ANALYZER_NUMBER_OBJECT_CONVERSION = YES_AGGRESSIVE;
				CLANG_CXX_LANGUAGE_STANDARD = "gnu++14";
				CLANG_CXX_LIBRARY = "libc++";
				CLANG_ENABLE_MODULES = YES;
				CLANG_ENABLE_OBJC_ARC = YES;
				CLANG_WARN_BLOCK_CAPTURE_AUTORELEASING = YES;
				CLANG_WARN_BOOL_CONVERSION = YES;
				CLANG_WARN_COMMA = YES;
				CLANG_WARN_CONSTANT_CONVERSION = YES;
				CLANG_WARN_DIRECT_OBJC_ISA_USAGE = YES_ERROR;
				CLANG_WARN_DOCUMENTATION_COMMENTS = YES;
				CLANG_WARN_EMPTY_BODY = YES;
				CLANG_WARN_ENUM_CONVERSION = YES;
				CLANG_WARN_INFINITE_RECURSION = YES;
				CLANG_WARN_INT_CONVERSION = YES;
				CLANG_WARN_NON_LITERAL_NULL_CONVERSION = YES;
				CLANG_WARN_OBJC_LITERAL_CONVERSION = YES;
				CLANG_WARN_OBJC_ROOT_CLASS = YES_ERROR;
				CLANG_WARN_RANGE_LOOP_ANALYSIS = YES;
				CLANG_WARN_STRICT_PROTOTYPES = YES;
				CLANG_WARN_SUSPICIOUS_MOVE = YES;
				CLANG_WARN_UNGUARDED_AVAILABILITY = YES_AGGRESSIVE;
				CLANG_WARN_UNREACHABLE_CODE = YES;
				CLANG_WARN__DUPLICATE_METHOD_MATCH = YES;
				CODE_SIGN_IDENTITY = "iPhone Developer";
				COPY_PHASE_STRIP = NO;
				DEBUG_INFORMATION_FORMAT = "dwarf-with-dsym";
				ENABLE_NS_ASSERTIONS = NO;
				ENABLE_STRICT_OBJC_MSGSEND = YES;
				GCC_C_LANGUAGE_STANDARD = gnu11;
				GCC_NO_COMMON_BLOCKS = YES;
				GCC_WARN_64_TO_32_BIT_CONVERSION = YES;
				GCC_WARN_ABOUT_RETURN_TYPE = YES_ERROR;
				GCC_WARN_UNDECLARED_SELECTOR = YES;
				GCC_WARN_UNINITIALIZED_AUTOS = YES_AGGRESSIVE;
				GCC_WARN_UNUSED_FUNCTION = YES;
				GCC_WARN_UNUSED_VARIABLE = YES;
				IPHONEOS_DEPLOYMENT_TARGET = 11.0;
				MTL_ENABLE_DEBUG_INFO = NO;
				SDKROOT = iphoneos;
				SWIFT_OPTIMIZATION_LEVEL = "-Owholemodule";
				VALIDATE_PRODUCT = YES;
			};
			name = Release;
		};
		989390DE1F84C812006CD63F /* Debug */ = {
			isa = XCBuildConfiguration;
			buildSettings = {
				ASSETCATALOG_COMPILER_APPICON_NAME = AppIcon;
				CODE_SIGN_STYLE = Automatic;
				DEVELOPMENT_TEAM = 4F37WK7V25;
				INFOPLIST_FILE = Food/Info.plist;
				IPHONEOS_DEPLOYMENT_TARGET = 11.0;
				LD_RUNPATH_SEARCH_PATHS = "$(inherited) @executable_path/Frameworks";
				PRODUCT_BUNDLE_IDENTIFIER = com.example.Food.mypage;
				PRODUCT_NAME = "$(TARGET_NAME)";
				SWIFT_VERSION = 4.0;
				TARGETED_DEVICE_FAMILY = "1,2";
			};
			name = Debug;
		};
		989390DF1F84C812006CD63F /* Release */ = {
			isa = XCBuildConfiguration;
			buildSettings = {
				ASSETCATALOG_COMPILER_APPICON_NAME = AppIcon;
				CODE_SIGN_STYLE = Automatic;
				DEVELOPMENT_TEAM = 4F37WK7V25;
				INFOPLIST_FILE = Food/Info.plist;
				IPHONEOS_DEPLOYMENT_TARGET = 11.0;
				LD_RUNPATH_SEARCH_PATHS = "$(inherited) @executable_path/Frameworks";
				PRODUCT_BUNDLE_IDENTIFIER = com.example.Food.mypage;
				PRODUCT_NAME = "$(TARGET_NAME)";
				SWIFT_VERSION = 4.0;
				TARGETED_DEVICE_FAMILY = "1,2";
			};
			name = Release;
		};
/* End XCBuildConfiguration section */

/* Begin XCConfigurationList section */
		989390C41F84C812006CD63F /* Build configuration list for PBXProject "Food" */ = {
			isa = XCConfigurationList;
			buildConfigurations = (
				989390DB1F84C812006CD63F /* Debug */,
				989390DC1F84C812006CD63F /* Release */,
			);
			defaultConfigurationIsVisible = 0;
			defaultConfigurationName = Release;
		};
		989390DD1F84C812006CD63F /* Build configuration list for PBXNativeTarget "Food" */ = {
			isa = XCConfigurationList;
			buildConfigurations = (
				989390DE1F84C812006CD63F /* Debug */,
				989390DF1F84C812006CD63F /* Release */,
			);
			defaultConfigurationIsVisible = 0;
			defaultConfigurationName = Release;
		};
/* End XCConfigurationList section */
	};
	rootObject = 989390C11F84C812006CD63F /* Project object */;
}
